
Microsoft Visual Studio Solution File, Format Version 12.00
# Visual Studio Version 17
VisualStudioVersion = 17.0.32014.148
MinimumVisualStudioVersion = 10.0.40219.1
Project("{FAE04EC0-301F-11D3-BF4B-00C04F79EFBC}") = "SecondApp", "SecondApp\SecondApp.csproj", "{2D52F232-801E-49CF-BD2F-0C5145153D18}"
EndProject
Project("{FAE04EC0-301F-11D3-BF4B-00C04F79EFBC}") = "Questionnaire", "Questionnaire\Questionnaire.csproj", "{6EBDA90B-4E39-4500-8200-20C4264A922B}"
EndProject
Global
	GlobalSection(SolutionConfigurationPlatforms) = preSolution
		Debug|Any CPU = Debug|Any CPU
		Release|Any CPU = Release|Any CPU
	EndGlobalSection
	GlobalSection(ProjectConfigurationPlatforms) = postSolution
		{2D52F232-801E-49CF-BD2F-0C5145153D18}.Debug|Any CPU.ActiveCfg = Debug|Any CPU
		{2D52F232-801E-49CF-BD2F-0C5145153D18}.Debug|Any CPU.Build.0 = Debug|Any CPU
		{2D52F232-801E-49CF-BD2F-0C5145153D18}.Release|Any CPU.ActiveCfg = Release|Any CPU
		{2D52F232-801E-49CF-BD2F-0C5145153D18}.Release|Any CPU.Build.0 = Release|Any CPU
		{6EBDA90B-4E39-4500-8200-20C4264A922B}.Debug|Any CPU.ActiveCfg = Debug|Any CPU
		{6EBDA90B-4E39-4500-8200-20C4264A922B}.Debug|Any CPU.Build.0 = Debug|Any CPU
		{6EBDA90B-4E39-4500-8200-20C4264A922B}.Release|Any CPU.ActiveCfg = Release|Any CPU
		{6EBDA90B-4E39-4500-8200-20C4264A922B}.Release|Any CPU.Build.0 = Release|Any CPU
	EndGlobalSection
	GlobalSection(SolutionProperties) = preSolution
		HideSolutionNode = FALSE
	EndGlobalSection
	GlobalSection(ExtensibilityGlobals) = postSolution
		SolutionGuid = {70937D6D-91CA-4183-B66A-D301CDBD18BC}
	EndGlobalSection
EndGlobal
