
Microsoft Visual Studio Solution File, Format Version 12.00
# Visual Studio Version 17
VisualStudioVersion = 17.0.32014.148
MinimumVisualStudioVersion = 10.0.40219.1
Project("{9A19103F-16F7-4668-BE54-9A1E7A4F7556}") = "SecondApp", "SecondApp\SecondApp.csproj", "{2D52F232-801E-49CF-BD2F-0C5145153D18}"
EndProject
Project("{9A19103F-16F7-4668-BE54-9A1E7A4F7556}") = "Questionnaire", "Questionnaire\Questionnaire.csproj", "{6EBDA90B-4E39-4500-8200-20C4264A922B}"
EndProject
Project("{9A19103F-16F7-4668-BE54-9A1E7A4F7556}") = "ThirdApp", "ThirdApp\ThirdApp.csproj", "{CADC32C9-F5AF-42B5-975C-AD300F8DF764}"
EndProject
Project("{9A19103F-16F7-4668-BE54-9A1E7A4F7556}") = "HW03", "HW03\HW03.csproj", "{AB95EF54-F98E-4610-9049-829949E8FA74}"
EndProject
Project("{9A19103F-16F7-4668-BE54-9A1E7A4F7556}") = "ModuleSixApp", "ModuleSixApp\ModuleSixApp.csproj", "{D14EFD37-EFBD-4E42-AC84-A7FD20F6EBEB}"
EndProject
Project("{9A19103F-16F7-4668-BE54-9A1E7A4F7556}") = "ModuleSevenApp", "ModuleSevenApp\ModuleSevenApp.csproj", "{17AE4723-0752-40F2-94FA-1090D0884CE9}"
EndProject
Project("{9A19103F-16F7-4668-BE54-9A1E7A4F7556}") = "ModuleSevenHW", "ModuleSevenHW\ModuleSevenHW.csproj", "{619F33F8-6E77-46D5-8FA7-23D0625FD00E}"
EndProject
Project("{9A19103F-16F7-4668-BE54-9A1E7A4F7556}") = "TestApp7-7d", "TestApp7-7d\TestApp7-7d.csproj", "{66DCC882-A616-4B4C-9657-D5CB54859D08}"
EndProject
Project("{9A19103F-16F7-4668-BE54-9A1E7A4F7556}") = "ModuleEightTasks", "ModuleEightTasks\ModuleEightTasks.csproj", "{89FC2171-F0A9-4830-9E18-AB101D8A9C6A}"
EndProject
Project("{9A19103F-16F7-4668-BE54-9A1E7A4F7556}") = "ModuleNineTasks", "ModuleNineTasks\ModuleNineTasks.csproj", "{406B0A7A-7F35-486C-8B51-1ED06E706137}"
EndProject
Project("{9A19103F-16F7-4668-BE54-9A1E7A4F7556}") = "Module10Tasks", "Module10Tasks\Module10Tasks.csproj", "{8DAB8D46-4DAD-4A93-B40B-FE5226F39245}"
EndProject
Project("{9A19103F-16F7-4668-BE54-9A1E7A4F7556}") = "Module11VoiceTexterBot", "Module11VoiceTexterBot\Module11VoiceTexterBot.csproj", "{0FD8AAE9-059F-4E65-A831-428CC98EE081}"
EndProject
Project("{FAE04EC0-301F-11D3-BF4B-00C04F79EFBC}") = "Module11SimpleBot", "Module11SimpleBot\Module11SimpleBot.csproj", "{B82E8C1E-0AAB-4F1C-9837-A1D875356A2E}"
EndProject
Global
	GlobalSection(SolutionConfigurationPlatforms) = preSolution
		Debug|Any CPU = Debug|Any CPU
		Release|Any CPU = Release|Any CPU
	EndGlobalSection
	GlobalSection(ProjectConfigurationPlatforms) = postSolution
		{2D52F232-801E-49CF-BD2F-0C5145153D18}.Debug|Any CPU.ActiveCfg = Debug|Any CPU
		{2D52F232-801E-49CF-BD2F-0C5145153D18}.Debug|Any CPU.Build.0 = Debug|Any CPU
		{2D52F232-801E-49CF-BD2F-0C5145153D18}.Release|Any CPU.ActiveCfg = Release|Any CPU
		{2D52F232-801E-49CF-BD2F-0C5145153D18}.Release|Any CPU.Build.0 = Release|Any CPU
		{6EBDA90B-4E39-4500-8200-20C4264A922B}.Debug|Any CPU.ActiveCfg = Debug|Any CPU
		{6EBDA90B-4E39-4500-8200-20C4264A922B}.Debug|Any CPU.Build.0 = Debug|Any CPU
		{6EBDA90B-4E39-4500-8200-20C4264A922B}.Release|Any CPU.ActiveCfg = Release|Any CPU
		{6EBDA90B-4E39-4500-8200-20C4264A922B}.Release|Any CPU.Build.0 = Release|Any CPU
		{CADC32C9-F5AF-42B5-975C-AD300F8DF764}.Debug|Any CPU.ActiveCfg = Debug|Any CPU
		{CADC32C9-F5AF-42B5-975C-AD300F8DF764}.Debug|Any CPU.Build.0 = Debug|Any CPU
		{CADC32C9-F5AF-42B5-975C-AD300F8DF764}.Release|Any CPU.ActiveCfg = Release|Any CPU
		{CADC32C9-F5AF-42B5-975C-AD300F8DF764}.Release|Any CPU.Build.0 = Release|Any CPU
		{AB95EF54-F98E-4610-9049-829949E8FA74}.Debug|Any CPU.ActiveCfg = Debug|Any CPU
		{AB95EF54-F98E-4610-9049-829949E8FA74}.Debug|Any CPU.Build.0 = Debug|Any CPU
		{AB95EF54-F98E-4610-9049-829949E8FA74}.Release|Any CPU.ActiveCfg = Release|Any CPU
		{AB95EF54-F98E-4610-9049-829949E8FA74}.Release|Any CPU.Build.0 = Release|Any CPU
		{D14EFD37-EFBD-4E42-AC84-A7FD20F6EBEB}.Debug|Any CPU.ActiveCfg = Debug|Any CPU
		{D14EFD37-EFBD-4E42-AC84-A7FD20F6EBEB}.Debug|Any CPU.Build.0 = Debug|Any CPU
		{D14EFD37-EFBD-4E42-AC84-A7FD20F6EBEB}.Release|Any CPU.ActiveCfg = Release|Any CPU
		{D14EFD37-EFBD-4E42-AC84-A7FD20F6EBEB}.Release|Any CPU.Build.0 = Release|Any CPU
		{17AE4723-0752-40F2-94FA-1090D0884CE9}.Debug|Any CPU.ActiveCfg = Debug|Any CPU
		{17AE4723-0752-40F2-94FA-1090D0884CE9}.Debug|Any CPU.Build.0 = Debug|Any CPU
		{17AE4723-0752-40F2-94FA-1090D0884CE9}.Release|Any CPU.ActiveCfg = Release|Any CPU
		{17AE4723-0752-40F2-94FA-1090D0884CE9}.Release|Any CPU.Build.0 = Release|Any CPU
		{619F33F8-6E77-46D5-8FA7-23D0625FD00E}.Debug|Any CPU.ActiveCfg = Debug|Any CPU
		{619F33F8-6E77-46D5-8FA7-23D0625FD00E}.Debug|Any CPU.Build.0 = Debug|Any CPU
		{619F33F8-6E77-46D5-8FA7-23D0625FD00E}.Release|Any CPU.ActiveCfg = Release|Any CPU
		{619F33F8-6E77-46D5-8FA7-23D0625FD00E}.Release|Any CPU.Build.0 = Release|Any CPU
		{66DCC882-A616-4B4C-9657-D5CB54859D08}.Debug|Any CPU.ActiveCfg = Debug|Any CPU
		{66DCC882-A616-4B4C-9657-D5CB54859D08}.Debug|Any CPU.Build.0 = Debug|Any CPU
		{66DCC882-A616-4B4C-9657-D5CB54859D08}.Release|Any CPU.ActiveCfg = Release|Any CPU
		{66DCC882-A616-4B4C-9657-D5CB54859D08}.Release|Any CPU.Build.0 = Release|Any CPU
		{89FC2171-F0A9-4830-9E18-AB101D8A9C6A}.Debug|Any CPU.ActiveCfg = Debug|Any CPU
		{89FC2171-F0A9-4830-9E18-AB101D8A9C6A}.Debug|Any CPU.Build.0 = Debug|Any CPU
		{89FC2171-F0A9-4830-9E18-AB101D8A9C6A}.Release|Any CPU.ActiveCfg = Release|Any CPU
		{89FC2171-F0A9-4830-9E18-AB101D8A9C6A}.Release|Any CPU.Build.0 = Release|Any CPU
		{406B0A7A-7F35-486C-8B51-1ED06E706137}.Debug|Any CPU.ActiveCfg = Debug|Any CPU
		{406B0A7A-7F35-486C-8B51-1ED06E706137}.Debug|Any CPU.Build.0 = Debug|Any CPU
		{406B0A7A-7F35-486C-8B51-1ED06E706137}.Release|Any CPU.ActiveCfg = Release|Any CPU
		{406B0A7A-7F35-486C-8B51-1ED06E706137}.Release|Any CPU.Build.0 = Release|Any CPU
		{8DAB8D46-4DAD-4A93-B40B-FE5226F39245}.Debug|Any CPU.ActiveCfg = Debug|Any CPU
		{8DAB8D46-4DAD-4A93-B40B-FE5226F39245}.Debug|Any CPU.Build.0 = Debug|Any CPU
		{8DAB8D46-4DAD-4A93-B40B-FE5226F39245}.Release|Any CPU.ActiveCfg = Release|Any CPU
		{8DAB8D46-4DAD-4A93-B40B-FE5226F39245}.Release|Any CPU.Build.0 = Release|Any CPU
		{0FD8AAE9-059F-4E65-A831-428CC98EE081}.Debug|Any CPU.ActiveCfg = Debug|Any CPU
		{0FD8AAE9-059F-4E65-A831-428CC98EE081}.Debug|Any CPU.Build.0 = Debug|Any CPU
		{0FD8AAE9-059F-4E65-A831-428CC98EE081}.Release|Any CPU.ActiveCfg = Release|Any CPU
		{0FD8AAE9-059F-4E65-A831-428CC98EE081}.Release|Any CPU.Build.0 = Release|Any CPU
		{B82E8C1E-0AAB-4F1C-9837-A1D875356A2E}.Debug|Any CPU.ActiveCfg = Debug|Any CPU
		{B82E8C1E-0AAB-4F1C-9837-A1D875356A2E}.Debug|Any CPU.Build.0 = Debug|Any CPU
		{B82E8C1E-0AAB-4F1C-9837-A1D875356A2E}.Release|Any CPU.ActiveCfg = Release|Any CPU
		{B82E8C1E-0AAB-4F1C-9837-A1D875356A2E}.Release|Any CPU.Build.0 = Release|Any CPU
	EndGlobalSection
	GlobalSection(SolutionProperties) = preSolution
		HideSolutionNode = FALSE
	EndGlobalSection
	GlobalSection(ExtensibilityGlobals) = postSolution
		SolutionGuid = {70937D6D-91CA-4183-B66A-D301CDBD18BC}
	EndGlobalSection
EndGlobal
